{
  "name": "11-advanced1",
  "version": "1.0.0",
  "lockfileVersion": 2,
  "requires": true,
  "packages": {
    "": {
      "name": "11-advanced1",
      "version": "1.0.0",
      "license": "ISC",
      "dependencies": {
        "fraction.js": "github:infusion/Fraction.js"
      }
    },
    "node_modules/fraction.js": {
      "version": "4.1.2",
      "resolved": "git+ssh://git@github.com/infusion/Fraction.js.git#212783179460137cfed10f00e87e242763868bf2",
      "license": "MIT",
      "engines": {
        "node": "*"
      },
      "funding": {
        "type": "patreon",
        "url": "https://www.patreon.com/infusion"
      }
    }
  },
  "dependencies": {
    "fraction.js": {
      "version": "git+ssh://git@github.com/infusion/Fraction.js.git#212783179460137cfed10f00e87e242763868bf2",
      "from": "fraction.js@infusion/Fraction.js"
    }
  }
}
